
Microsoft Visual Studio Solution File, Format Version 12.00
# Visual Studio 15
VisualStudioVersion = 15.0.27428.2037
MinimumVisualStudioVersion = 10.0.40219.1
Project("{FAE04EC0-301F-11D3-BF4B-00C04F79EFBC}") = "Web", "Web\Web.csproj", "{E3C69743-57BD-4C94-A7DD-71E38CC46EB6}"
EndProject
Global
	GlobalSection(SolutionConfigurationPlatforms) = preSolution
		Debug|Any CPU = Debug|Any CPU
		Release|Any CPU = Release|Any CPU
	EndGlobalSection
	GlobalSection(ProjectConfigurationPlatforms) = postSolution
		{E3C69743-57BD-4C94-A7DD-71E38CC46EB6}.Debug|Any CPU.ActiveCfg = Debug|Any CPU
		{E3C69743-57BD-4C94-A7DD-71E38CC46EB6}.Debug|Any CPU.Build.0 = Debug|Any CPU
		{E3C69743-57BD-4C94-A7DD-71E38CC46EB6}.Release|Any CPU.ActiveCfg = Release|Any CPU
		{E3C69743-57BD-4C94-A7DD-71E38CC46EB6}.Release|Any CPU.Build.0 = Release|Any CPU
	EndGlobalSection
	GlobalSection(SolutionProperties) = preSolution
		HideSolutionNode = FALSE
	EndGlobalSection
	GlobalSection(ExtensibilityGlobals) = postSolution
		SolutionGuid = {B2C2D3B0-8764-46F7-A77C-EDEA768BABDA}
	EndGlobalSection
EndGlobal
